
Microsoft Visual Studio Solution File, Format Version 12.00
# Visual Studio Version 16
VisualStudioVersion = 16.0.30804.86
MinimumVisualStudioVersion = 10.0.40219.1
Project("{FAE04EC0-301F-11D3-BF4B-00C04F79EFBC}") = "FileWatcherService", "FileWatcherService\FileWatcherService.csproj", "{9F62BDCC-5FD2-4799-9E87-3F68AFE78CC1}"
EndProject
Project("{9A19103F-16F7-4668-BE54-9A1E7A4F7556}") = "JsonXMLParser", "JsonXMLParser\JsonXMLParser.csproj", "{074D9B23-6BF7-4269-9839-ADA5D56FC60A}"
EndProject
Project("{9A19103F-16F7-4668-BE54-9A1E7A4F7556}") = "ConfigurationManager", "ConfigurationManager\ConfigurationManager.csproj", "{3B45DA38-D6BA-4991-8F17-BC556807232F}"
EndProject
Project("{FAE04EC0-301F-11D3-BF4B-00C04F79EFBC}") = "Test", "Test\Test.csproj", "{D49145DF-FA44-4641-B68E-2DEC870F0AF8}"
EndProject
Global
	GlobalSection(SolutionConfigurationPlatforms) = preSolution
		Debug|Any CPU = Debug|Any CPU
		Release|Any CPU = Release|Any CPU
	EndGlobalSection
	GlobalSection(ProjectConfigurationPlatforms) = postSolution
		{9F62BDCC-5FD2-4799-9E87-3F68AFE78CC1}.Debug|Any CPU.ActiveCfg = Debug|Any CPU
		{9F62BDCC-5FD2-4799-9E87-3F68AFE78CC1}.Debug|Any CPU.Build.0 = Debug|Any CPU
		{9F62BDCC-5FD2-4799-9E87-3F68AFE78CC1}.Release|Any CPU.ActiveCfg = Release|Any CPU
		{9F62BDCC-5FD2-4799-9E87-3F68AFE78CC1}.Release|Any CPU.Build.0 = Release|Any CPU
		{074D9B23-6BF7-4269-9839-ADA5D56FC60A}.Debug|Any CPU.ActiveCfg = Debug|Any CPU
		{074D9B23-6BF7-4269-9839-ADA5D56FC60A}.Debug|Any CPU.Build.0 = Debug|Any CPU
		{074D9B23-6BF7-4269-9839-ADA5D56FC60A}.Release|Any CPU.ActiveCfg = Release|Any CPU
		{074D9B23-6BF7-4269-9839-ADA5D56FC60A}.Release|Any CPU.Build.0 = Release|Any CPU
		{3B45DA38-D6BA-4991-8F17-BC556807232F}.Debug|Any CPU.ActiveCfg = Debug|Any CPU
		{3B45DA38-D6BA-4991-8F17-BC556807232F}.Debug|Any CPU.Build.0 = Debug|Any CPU
		{3B45DA38-D6BA-4991-8F17-BC556807232F}.Release|Any CPU.ActiveCfg = Release|Any CPU
		{3B45DA38-D6BA-4991-8F17-BC556807232F}.Release|Any CPU.Build.0 = Release|Any CPU
		{D49145DF-FA44-4641-B68E-2DEC870F0AF8}.Debug|Any CPU.ActiveCfg = Debug|Any CPU
		{D49145DF-FA44-4641-B68E-2DEC870F0AF8}.Debug|Any CPU.Build.0 = Debug|Any CPU
		{D49145DF-FA44-4641-B68E-2DEC870F0AF8}.Release|Any CPU.ActiveCfg = Release|Any CPU
		{D49145DF-FA44-4641-B68E-2DEC870F0AF8}.Release|Any CPU.Build.0 = Release|Any CPU
	EndGlobalSection
	GlobalSection(SolutionProperties) = preSolution
		HideSolutionNode = FALSE
	EndGlobalSection
	GlobalSection(ExtensibilityGlobals) = postSolution
		SolutionGuid = {F204A6C3-01AF-4139-BE92-88F7605E2EBD}
	EndGlobalSection
EndGlobal
