
Microsoft Visual Studio Solution File, Format Version 12.00
# Visual Studio Version 16
VisualStudioVersion = 16.0.29519.87
MinimumVisualStudioVersion = 10.0.40219.1
Project("{FAE04EC0-301F-11D3-BF4B-00C04F79EFBC}") = "lab1_Csharp", "lab1_Csharp.csproj", "{0CB2DDFB-718C-4A50-A571-2E8EBCDA5FF1}"
EndProject
Global
	GlobalSection(SolutionConfigurationPlatforms) = preSolution
		Debug|Any CPU = Debug|Any CPU
		Release|Any CPU = Release|Any CPU
	EndGlobalSection
	GlobalSection(ProjectConfigurationPlatforms) = postSolution
		{0CB2DDFB-718C-4A50-A571-2E8EBCDA5FF1}.Debug|Any CPU.ActiveCfg = Debug|Any CPU
		{0CB2DDFB-718C-4A50-A571-2E8EBCDA5FF1}.Debug|Any CPU.Build.0 = Debug|Any CPU
		{0CB2DDFB-718C-4A50-A571-2E8EBCDA5FF1}.Release|Any CPU.ActiveCfg = Release|Any CPU
		{0CB2DDFB-718C-4A50-A571-2E8EBCDA5FF1}.Release|Any CPU.Build.0 = Release|Any CPU
	EndGlobalSection
	GlobalSection(SolutionProperties) = preSolution
		HideSolutionNode = FALSE
	EndGlobalSection
	GlobalSection(ExtensibilityGlobals) = postSolution
		SolutionGuid = {9DE1FF6C-8728-445D-83E9-A669E66CEACB}
	EndGlobalSection
EndGlobal
